
Microsoft Visual Studio Solution File, Format Version 12.00
# Visual Studio Version 17
VisualStudioVersion = 17.2.32630.192
MinimumVisualStudioVersion = 10.0.40219.1
Project("{9A19103F-16F7-4668-BE54-9A1E7A4F7556}") = "MetaExchange", "MetaExchange\MetaExchange.csproj", "{2AA77173-D067-4605-880B-65FE3546B0D2}"
EndProject
Project("{FAE04EC0-301F-11D3-BF4B-00C04F79EFBC}") = "MetaExchangeAPI", "MetaExchangeAPI\MetaExchangeAPI.csproj", "{676C62E3-346E-4734-BBA1-0307EBD08491}"
EndProject
Global
	GlobalSection(SolutionConfigurationPlatforms) = preSolution
		Debug|Any CPU = Debug|Any CPU
		Release|Any CPU = Release|Any CPU
	EndGlobalSection
	GlobalSection(ProjectConfigurationPlatforms) = postSolution
		{2AA77173-D067-4605-880B-65FE3546B0D2}.Debug|Any CPU.ActiveCfg = Debug|Any CPU
		{2AA77173-D067-4605-880B-65FE3546B0D2}.Debug|Any CPU.Build.0 = Debug|Any CPU
		{2AA77173-D067-4605-880B-65FE3546B0D2}.Release|Any CPU.ActiveCfg = Release|Any CPU
		{2AA77173-D067-4605-880B-65FE3546B0D2}.Release|Any CPU.Build.0 = Release|Any CPU
		{676C62E3-346E-4734-BBA1-0307EBD08491}.Debug|Any CPU.ActiveCfg = Debug|Any CPU
		{676C62E3-346E-4734-BBA1-0307EBD08491}.Debug|Any CPU.Build.0 = Debug|Any CPU
		{676C62E3-346E-4734-BBA1-0307EBD08491}.Release|Any CPU.ActiveCfg = Release|Any CPU
		{676C62E3-346E-4734-BBA1-0307EBD08491}.Release|Any CPU.Build.0 = Release|Any CPU
	EndGlobalSection
	GlobalSection(SolutionProperties) = preSolution
		HideSolutionNode = FALSE
	EndGlobalSection
	GlobalSection(ExtensibilityGlobals) = postSolution
		SolutionGuid = {50AA9F46-E789-4A22-8BEC-CB22D6CF8610}
	EndGlobalSection
EndGlobal
